
Microsoft Visual Studio Solution File, Format Version 12.00
# Visual Studio Version 17
VisualStudioVersion = 17.1.32210.238
MinimumVisualStudioVersion = 10.0.40219.1
Project("{FAE04EC0-301F-11D3-BF4B-00C04F79EFBC}") = "Ageenko_lab1", "Ageenko_lab1\Ageenko_lab1.csproj", "{F390B87F-778C-4B43-9E57-FD7C4D882951}"
EndProject
Global
	GlobalSection(SolutionConfigurationPlatforms) = preSolution
		Debug|Any CPU = Debug|Any CPU
		Release|Any CPU = Release|Any CPU
	EndGlobalSection
	GlobalSection(ProjectConfigurationPlatforms) = postSolution
		{F390B87F-778C-4B43-9E57-FD7C4D882951}.Debug|Any CPU.ActiveCfg = Debug|Any CPU
		{F390B87F-778C-4B43-9E57-FD7C4D882951}.Debug|Any CPU.Build.0 = Debug|Any CPU
		{F390B87F-778C-4B43-9E57-FD7C4D882951}.Release|Any CPU.ActiveCfg = Release|Any CPU
		{F390B87F-778C-4B43-9E57-FD7C4D882951}.Release|Any CPU.Build.0 = Release|Any CPU
	EndGlobalSection
	GlobalSection(SolutionProperties) = preSolution
		HideSolutionNode = FALSE
	EndGlobalSection
	GlobalSection(ExtensibilityGlobals) = postSolution
		SolutionGuid = {3BDFD13A-3C57-4D78-A439-14C5603A44D2}
	EndGlobalSection
EndGlobal
